
Microsoft Visual Studio Solution File, Format Version 12.00
# Visual Studio Version 17
VisualStudioVersion = 17.10.35027.167
MinimumVisualStudioVersion = 10.0.40219.1
Project("{FAE04EC0-301F-11D3-BF4B-00C04F79EFBC}") = "OTUS.HW8", "OTUS.HW8.csproj", "{534AA5E7-15B7-4CCC-92F6-ABD560303337}"
EndProject
Project("{FAE04EC0-301F-11D3-BF4B-00C04F79EFBC}") = "OTUS,HW8.Test", "..\OTUS,HW8.Test\OTUS,HW8.Test.csproj", "{BC90090E-BD6D-481D-AE9F-043796E8E3B0}"
EndProject
Global
	GlobalSection(SolutionConfigurationPlatforms) = preSolution
		Debug|Any CPU = Debug|Any CPU
		Release|Any CPU = Release|Any CPU
	EndGlobalSection
	GlobalSection(ProjectConfigurationPlatforms) = postSolution
		{534AA5E7-15B7-4CCC-92F6-ABD560303337}.Debug|Any CPU.ActiveCfg = Debug|Any CPU
		{534AA5E7-15B7-4CCC-92F6-ABD560303337}.Debug|Any CPU.Build.0 = Debug|Any CPU
		{534AA5E7-15B7-4CCC-92F6-ABD560303337}.Release|Any CPU.ActiveCfg = Release|Any CPU
		{534AA5E7-15B7-4CCC-92F6-ABD560303337}.Release|Any CPU.Build.0 = Release|Any CPU
		{BC90090E-BD6D-481D-AE9F-043796E8E3B0}.Debug|Any CPU.ActiveCfg = Debug|Any CPU
		{BC90090E-BD6D-481D-AE9F-043796E8E3B0}.Debug|Any CPU.Build.0 = Debug|Any CPU
		{BC90090E-BD6D-481D-AE9F-043796E8E3B0}.Release|Any CPU.ActiveCfg = Release|Any CPU
		{BC90090E-BD6D-481D-AE9F-043796E8E3B0}.Release|Any CPU.Build.0 = Release|Any CPU
	EndGlobalSection
	GlobalSection(SolutionProperties) = preSolution
		HideSolutionNode = FALSE
	EndGlobalSection
	GlobalSection(ExtensibilityGlobals) = postSolution
		SolutionGuid = {542B943C-7FFC-4562-91F3-DCA83E77B0D0}
	EndGlobalSection
EndGlobal
